# This file is automatically @generated by Cargo.
# It is not intended for manual editing.
[[package]]
name = "cached"
version = "0.11.0"
source = "registry+https://github.com/rust-lang/crates.io-index"
dependencies = [
 "once_cell 1.2.0 (registry+https://github.com/rust-lang/crates.io-index)",
]

[[package]]
name = "fibo-premier"
version = "0.1.0"
dependencies = [
 "cached 0.11.0 (registry+https://github.com/rust-lang/crates.io-index)",
]

[[package]]
name = "once_cell"
version = "1.2.0"
source = "registry+https://github.com/rust-lang/crates.io-index"

[metadata]
"checksum cached 0.11.0 (registry+https://github.com/rust-lang/crates.io-index)" = "7b052fd10f32987c3bd028d91ef86190b36fba5c8fccb5515d42083f061e6104"
"checksum once_cell 1.2.0 (registry+https://github.com/rust-lang/crates.io-index)" = "891f486f630e5c5a4916c7e16c4b24a53e78c860b646e9f8e005e4f16847bfed"
